// !$*UTF8*$!
{
	archiveVersion = 1;
	classes = {
	};
	objectVersion = 55;
	objects = {

/* Begin PBXBuildFile section */
		4B090CA728FC7D4A00134DF4 /* SignInHeaderView.swift in Sources */ = {isa = PBXBuildFile; fileRef = 4B090CA628FC7D4A00134DF4 /* SignInHeaderView.swift */; };
		4B090CAA28FC7DCA00134DF4 /* Functions.swift in Sources */ = {isa = PBXBuildFile; fileRef = 4B090CA928FC7DCA00134DF4 /* Functions.swift */; };
		4B090CAC28FC825F00134DF4 /* UITextField.swift in Sources */ = {isa = PBXBuildFile; fileRef = 4B090CAB28FC825F00134DF4 /* UITextField.swift */; };
		4B229C8728B1094100CFFB0C /* GoogleService-Info.plist in Resources */ = {isa = PBXBuildFile; fileRef = 4B229C8628B1094100CFFB0C /* GoogleService-Info.plist */; };
		4B40614828B404F7000DB2A0 /* PayWallVC.swift in Sources */ = {isa = PBXBuildFile; fileRef = 4B40614728B404F7000DB2A0 /* PayWallVC.swift */; };
		4B40614A28B40B95000DB2A0 /* PayWallHeaderView.swift in Sources */ = {isa = PBXBuildFile; fileRef = 4B40614928B40B95000DB2A0 /* PayWallHeaderView.swift */; };
		4B40614D28B40C0E000DB2A0 /* SnapKit in Frameworks */ = {isa = PBXBuildFile; productRef = 4B40614C28B40C0E000DB2A0 /* SnapKit */; };
		4B40615028B40D31000DB2A0 /* UIView.swift in Sources */ = {isa = PBXBuildFile; fileRef = 4B40614F28B40D31000DB2A0 /* UIView.swift */; };
		4B40615228B413D1000DB2A0 /* PayWallDescriptionView.swift in Sources */ = {isa = PBXBuildFile; fileRef = 4B40615128B413D1000DB2A0 /* PayWallDescriptionView.swift */; };
		4BE1060928ACF95E00D28B1A /* AppDelegate.swift in Sources */ = {isa = PBXBuildFile; fileRef = 4BE1060828ACF95E00D28B1A /* AppDelegate.swift */; };
		4BE1060B28ACF95E00D28B1A /* SceneDelegate.swift in Sources */ = {isa = PBXBuildFile; fileRef = 4BE1060A28ACF95E00D28B1A /* SceneDelegate.swift */; };
		4BE1060D28ACF95E00D28B1A /* HomeVC.swift in Sources */ = {isa = PBXBuildFile; fileRef = 4BE1060C28ACF95E00D28B1A /* HomeVC.swift */; };
		4BE1061228ACF95F00D28B1A /* Assets.xcassets in Resources */ = {isa = PBXBuildFile; fileRef = 4BE1061128ACF95F00D28B1A /* Assets.xcassets */; };
		4BE1061528ACF95F00D28B1A /* LaunchScreen.storyboard in Resources */ = {isa = PBXBuildFile; fileRef = 4BE1061328ACF95F00D28B1A /* LaunchScreen.storyboard */; };
		4BE1064228ACFD4000D28B1A /* ProfileVC.swift in Sources */ = {isa = PBXBuildFile; fileRef = 4BE1064128ACFD4000D28B1A /* ProfileVC.swift */; };
		4BE1064428ACFD7E00D28B1A /* TabBarVC.swift in Sources */ = {isa = PBXBuildFile; fileRef = 4BE1064328ACFD7E00D28B1A /* TabBarVC.swift */; };
		4BE1064628ACFDD200D28B1A /* SignInVC.swift in Sources */ = {isa = PBXBuildFile; fileRef = 4BE1064528ACFDD200D28B1A /* SignInVC.swift */; };
		4BE1064828ACFDDF00D28B1A /* SignUpVC.swift in Sources */ = {isa = PBXBuildFile; fileRef = 4BE1064728ACFDDF00D28B1A /* SignUpVC.swift */; };
		4BE1064A28ACFDEE00D28B1A /* ViewPostVC.swift in Sources */ = {isa = PBXBuildFile; fileRef = 4BE1064928ACFDEE00D28B1A /* ViewPostVC.swift */; };
		4BE1064C28ACFDFD00D28B1A /* CreateNewPostVC.swift in Sources */ = {isa = PBXBuildFile; fileRef = 4BE1064B28ACFDFD00D28B1A /* CreateNewPostVC.swift */; };
		4BE1064E28ACFE3000D28B1A /* IAPManager.swift in Sources */ = {isa = PBXBuildFile; fileRef = 4BE1064D28ACFE3000D28B1A /* IAPManager.swift */; };
		4BE1065028ACFE4D00D28B1A /* DatabaseManager.swift in Sources */ = {isa = PBXBuildFile; fileRef = 4BE1064F28ACFE4D00D28B1A /* DatabaseManager.swift */; };
		4BE1065228ACFE6100D28B1A /* AuthManager.swift in Sources */ = {isa = PBXBuildFile; fileRef = 4BE1065128ACFE6100D28B1A /* AuthManager.swift */; };
		4BE1065428ACFE7700D28B1A /* StorageManager.swift in Sources */ = {isa = PBXBuildFile; fileRef = 4BE1065328ACFE7700D28B1A /* StorageManager.swift */; };
		4BE5199B28B2367A00A057C0 /* User.swift in Sources */ = {isa = PBXBuildFile; fileRef = 4BE5199A28B2367A00A057C0 /* User.swift */; };
		4BE5199D28B2368B00A057C0 /* BlogPost.swift in Sources */ = {isa = PBXBuildFile; fileRef = 4BE5199C28B2368B00A057C0 /* BlogPost.swift */; };
		8EA3F36027682FFE4F15D3C7 /* Pods_Thoughts.framework in Frameworks */ = {isa = PBXBuildFile; fileRef = A3064BBE445EE33E746C88AE /* Pods_Thoughts.framework */; };
/* End PBXBuildFile section */

/* Begin PBXFileReference section */
		2D6B07885E10DA99D637ABAC /* Pods-Thoughts.debug.xcconfig */ = {isa = PBXFileReference; includeInIndex = 1; lastKnownFileType = text.xcconfig; name = "Pods-Thoughts.debug.xcconfig"; path = "Target Support Files/Pods-Thoughts/Pods-Thoughts.debug.xcconfig"; sourceTree = "<group>"; };
		4B090CA628FC7D4A00134DF4 /* SignInHeaderView.swift */ = {isa = PBXFileReference; lastKnownFileType = sourcecode.swift; path = SignInHeaderView.swift; sourceTree = "<group>"; };
		4B090CA928FC7DCA00134DF4 /* Functions.swift */ = {isa = PBXFileReference; lastKnownFileType = sourcecode.swift; path = Functions.swift; sourceTree = "<group>"; };
		4B090CAB28FC825F00134DF4 /* UITextField.swift */ = {isa = PBXFileReference; lastKnownFileType = sourcecode.swift; path = UITextField.swift; sourceTree = "<group>"; };
		4B229C8628B1094100CFFB0C /* GoogleService-Info.plist */ = {isa = PBXFileReference; fileEncoding = 4; lastKnownFileType = text.plist.xml; path = "GoogleService-Info.plist"; sourceTree = "<group>"; };
		4B40614728B404F7000DB2A0 /* PayWallVC.swift */ = {isa = PBXFileReference; lastKnownFileType = sourcecode.swift; path = PayWallVC.swift; sourceTree = "<group>"; };
		4B40614928B40B95000DB2A0 /* PayWallHeaderView.swift */ = {isa = PBXFileReference; lastKnownFileType = sourcecode.swift; path = PayWallHeaderView.swift; sourceTree = "<group>"; };
		4B40614F28B40D31000DB2A0 /* UIView.swift */ = {isa = PBXFileReference; lastKnownFileType = sourcecode.swift; path = UIView.swift; sourceTree = "<group>"; };
		4B40615128B413D1000DB2A0 /* PayWallDescriptionView.swift */ = {isa = PBXFileReference; lastKnownFileType = sourcecode.swift; path = PayWallDescriptionView.swift; sourceTree = "<group>"; };
		4BE1060528ACF95E00D28B1A /* Thoughts.app */ = {isa = PBXFileReference; explicitFileType = wrapper.application; includeInIndex = 0; path = Thoughts.app; sourceTree = BUILT_PRODUCTS_DIR; };
		4BE1060828ACF95E00D28B1A /* AppDelegate.swift */ = {isa = PBXFileReference; lastKnownFileType = sourcecode.swift; path = AppDelegate.swift; sourceTree = "<group>"; };
		4BE1060A28ACF95E00D28B1A /* SceneDelegate.swift */ = {isa = PBXFileReference; lastKnownFileType = sourcecode.swift; path = SceneDelegate.swift; sourceTree = "<group>"; };
		4BE1060C28ACF95E00D28B1A /* HomeVC.swift */ = {isa = PBXFileReference; lastKnownFileType = sourcecode.swift; path = HomeVC.swift; sourceTree = "<group>"; };
		4BE1061128ACF95F00D28B1A /* Assets.xcassets */ = {isa = PBXFileReference; lastKnownFileType = folder.assetcatalog; path = Assets.xcassets; sourceTree = "<group>"; };
		4BE1061428ACF95F00D28B1A /* Base */ = {isa = PBXFileReference; lastKnownFileType = file.storyboard; name = Base; path = Base.lproj/LaunchScreen.storyboard; sourceTree = "<group>"; };
		4BE1061628ACF95F00D28B1A /* Info.plist */ = {isa = PBXFileReference; lastKnownFileType = text.plist.xml; path = Info.plist; sourceTree = "<group>"; };
		4BE1064128ACFD4000D28B1A /* ProfileVC.swift */ = {isa = PBXFileReference; lastKnownFileType = sourcecode.swift; path = ProfileVC.swift; sourceTree = "<group>"; };
		4BE1064328ACFD7E00D28B1A /* TabBarVC.swift */ = {isa = PBXFileReference; lastKnownFileType = sourcecode.swift; path = TabBarVC.swift; sourceTree = "<group>"; };
		4BE1064528ACFDD200D28B1A /* SignInVC.swift */ = {isa = PBXFileReference; lastKnownFileType = sourcecode.swift; path = SignInVC.swift; sourceTree = "<group>"; };
		4BE1064728ACFDDF00D28B1A /* SignUpVC.swift */ = {isa = PBXFileReference; lastKnownFileType = sourcecode.swift; path = SignUpVC.swift; sourceTree = "<group>"; };
		4BE1064928ACFDEE00D28B1A /* ViewPostVC.swift */ = {isa = PBXFileReference; lastKnownFileType = sourcecode.swift; path = ViewPostVC.swift; sourceTree = "<group>"; };
		4BE1064B28ACFDFD00D28B1A /* CreateNewPostVC.swift */ = {isa = PBXFileReference; lastKnownFileType = sourcecode.swift; path = CreateNewPostVC.swift; sourceTree = "<group>"; };
		4BE1064D28ACFE3000D28B1A /* IAPManager.swift */ = {isa = PBXFileReference; lastKnownFileType = sourcecode.swift; path = IAPManager.swift; sourceTree = "<group>"; };
		4BE1064F28ACFE4D00D28B1A /* DatabaseManager.swift */ = {isa = PBXFileReference; lastKnownFileType = sourcecode.swift; path = DatabaseManager.swift; sourceTree = "<group>"; };
		4BE1065128ACFE6100D28B1A /* AuthManager.swift */ = {isa = PBXFileReference; lastKnownFileType = sourcecode.swift; path = AuthManager.swift; sourceTree = "<group>"; };
		4BE1065328ACFE7700D28B1A /* StorageManager.swift */ = {isa = PBXFileReference; lastKnownFileType = sourcecode.swift; path = StorageManager.swift; sourceTree = "<group>"; };
		4BE5199A28B2367A00A057C0 /* User.swift */ = {isa = PBXFileReference; lastKnownFileType = sourcecode.swift; path = User.swift; sourceTree = "<group>"; };
		4BE5199C28B2368B00A057C0 /* BlogPost.swift */ = {isa = PBXFileReference; lastKnownFileType = sourcecode.swift; path = BlogPost.swift; sourceTree = "<group>"; };
		5E0F2A7A33628993C39F589A /* Pods-Thoughts.release.xcconfig */ = {isa = PBXFileReference; includeInIndex = 1; lastKnownFileType = text.xcconfig; name = "Pods-Thoughts.release.xcconfig"; path = "Target Support Files/Pods-Thoughts/Pods-Thoughts.release.xcconfig"; sourceTree = "<group>"; };
		A3064BBE445EE33E746C88AE /* Pods_Thoughts.framework */ = {isa = PBXFileReference; explicitFileType = wrapper.framework; includeInIndex = 0; path = Pods_Thoughts.framework; sourceTree = BUILT_PRODUCTS_DIR; };
/* End PBXFileReference section */

/* Begin PBXFrameworksBuildPhase section */
		4BE1060228ACF95E00D28B1A /* Frameworks */ = {
			isa = PBXFrameworksBuildPhase;
			buildActionMask = 2147483647;
			files = (
				8EA3F36027682FFE4F15D3C7 /* Pods_Thoughts.framework in Frameworks */,
				4B40614D28B40C0E000DB2A0 /* SnapKit in Frameworks */,
			);
			runOnlyForDeploymentPostprocessing = 0;
		};
/* End PBXFrameworksBuildPhase section */

/* Begin PBXGroup section */
		4B090C8528FC6E6400134DF4 /* Supporting Files */ = {
			isa = PBXGroup;
			children = (
				4B090C8628FC6E7100134DF4 /* Resources */,
				4B090C8728FC6E9000134DF4 /* Views */,
			);
			path = "Supporting Files";
			sourceTree = "<group>";
		};
		4B090C8628FC6E7100134DF4 /* Resources */ = {
			isa = PBXGroup;
			children = (
				4BE1061128ACF95F00D28B1A /* Assets.xcassets */,
				4BE1060828ACF95E00D28B1A /* AppDelegate.swift */,
				4B229C8628B1094100CFFB0C /* GoogleService-Info.plist */,
				4BE1060A28ACF95E00D28B1A /* SceneDelegate.swift */,
			);
			path = Resources;
			sourceTree = "<group>";
		};
		4B090C8728FC6E9000134DF4 /* Views */ = {
			isa = PBXGroup;
			children = (
				4BE1061328ACF95F00D28B1A /* LaunchScreen.storyboard */,
			);
			path = Views;
			sourceTree = "<group>";
		};
		4B090C8828FC6EAC00134DF4 /* Utilities */ = {
			isa = PBXGroup;
			children = (
				4B090CA828FC7DBF00134DF4 /* General */,
				4B090C8A28FC6EBD00134DF4 /* Enums */,
				4B090C8928FC6EB700134DF4 /* Protocols */,
				4B40614E28B40D1F000DB2A0 /* Extensions */,
			);
			path = Utilities;
			sourceTree = "<group>";
		};
		4B090C8928FC6EB700134DF4 /* Protocols */ = {
			isa = PBXGroup;
			children = (
			);
			path = Protocols;
			sourceTree = "<group>";
		};
		4B090C8A28FC6EBD00134DF4 /* Enums */ = {
			isa = PBXGroup;
			children = (
			);
			path = Enums;
			sourceTree = "<group>";
		};
		4B090C8B28FC6ECE00134DF4 /* Stoarge */ = {
			isa = PBXGroup;
			children = (
				4BE1065328ACFE7700D28B1A /* StorageManager.swift */,
			);
			path = Stoarge;
			sourceTree = "<group>";
		};
		4B090C8C28FC6ED400134DF4 /* Database */ = {
			isa = PBXGroup;
			children = (
				4BE1064F28ACFE4D00D28B1A /* DatabaseManager.swift */,
			);
			path = Database;
			sourceTree = "<group>";
		};
		4B090C8D28FC6EDC00134DF4 /* Auth */ = {
			isa = PBXGroup;
			children = (
				4BE1065128ACFE6100D28B1A /* AuthManager.swift */,
			);
			path = Auth;
			sourceTree = "<group>";
		};
		4B090C8E28FC6EE700134DF4 /* API */ = {
			isa = PBXGroup;
			children = (
				4BE1064D28ACFE3000D28B1A /* IAPManager.swift */,
			);
			path = API;
			sourceTree = "<group>";
		};
		4B090C8F28FC6F2400134DF4 /* App */ = {
			isa = PBXGroup;
			children = (
				4B090C9028FC6F3300134DF4 /* Auth */,
				4B090C9128FC6F3900134DF4 /* TabBar */,
				4B090C9428FC6F5300134DF4 /* Home */,
				4B090C9228FC6F4000134DF4 /* Profile */,
				4B090C9328FC6F4500134DF4 /* Post */,
				4B090C9528FC6F5900134DF4 /* Paywall */,
			);
			path = App;
			sourceTree = "<group>";
		};
		4B090C9028FC6F3300134DF4 /* Auth */ = {
			isa = PBXGroup;
			children = (
				4B090C9628FC6F7400134DF4 /* View */,
			);
			path = Auth;
			sourceTree = "<group>";
		};
		4B090C9128FC6F3900134DF4 /* TabBar */ = {
			isa = PBXGroup;
			children = (
				4B090C9728FC6F8000134DF4 /* View */,
			);
			path = TabBar;
			sourceTree = "<group>";
		};
		4B090C9228FC6F4000134DF4 /* Profile */ = {
			isa = PBXGroup;
			children = (
				4B090C9D28FC6FF200134DF4 /* Model */,
				4B090C9C28FC6FEE00134DF4 /* View */,
				4B090C9B28FC6FE700134DF4 /* ViewModel */,
			);
			path = Profile;
			sourceTree = "<group>";
		};
		4B090C9328FC6F4500134DF4 /* Post */ = {
			isa = PBXGroup;
			children = (
				4B090CA028FC701000134DF4 /* Model */,
				4B090C9F28FC700C00134DF4 /* View */,
				4B090C9E28FC700400134DF4 /* ViewModel */,
			);
			path = Post;
			sourceTree = "<group>";
		};
		4B090C9428FC6F5300134DF4 /* Home */ = {
			isa = PBXGroup;
			children = (
				4B090C9928FC6FA900134DF4 /* Model */,
				4B090C9A28FC6FAE00134DF4 /* View */,
				4B090C9828FC6FA200134DF4 /* ViewModel */,
			);
			path = Home;
			sourceTree = "<group>";
		};
		4B090C9528FC6F5900134DF4 /* Paywall */ = {
			isa = PBXGroup;
			children = (
				4B090CA328FC703A00134DF4 /* Model */,
				4B090CA228FC703500134DF4 /* View */,
				4B090CA128FC702F00134DF4 /* ViewModel */,
			);
			path = Paywall;
			sourceTree = "<group>";
		};
		4B090C9628FC6F7400134DF4 /* View */ = {
			isa = PBXGroup;
			children = (
				4BE1064528ACFDD200D28B1A /* SignInVC.swift */,
				4BE1064728ACFDDF00D28B1A /* SignUpVC.swift */,
				4B090CA628FC7D4A00134DF4 /* SignInHeaderView.swift */,
			);
			path = View;
			sourceTree = "<group>";
		};
		4B090C9728FC6F8000134DF4 /* View */ = {
			isa = PBXGroup;
			children = (
				4BE1064328ACFD7E00D28B1A /* TabBarVC.swift */,
			);
			path = View;
			sourceTree = "<group>";
		};
		4B090C9828FC6FA200134DF4 /* ViewModel */ = {
			isa = PBXGroup;
			children = (
			);
			path = ViewModel;
			sourceTree = "<group>";
		};
		4B090C9928FC6FA900134DF4 /* Model */ = {
			isa = PBXGroup;
			children = (
				4BE5199A28B2367A00A057C0 /* User.swift */,
			);
			path = Model;
			sourceTree = "<group>";
		};
		4B090C9A28FC6FAE00134DF4 /* View */ = {
			isa = PBXGroup;
			children = (
				4BE1060C28ACF95E00D28B1A /* HomeVC.swift */,
			);
			path = View;
			sourceTree = "<group>";
		};
		4B090C9B28FC6FE700134DF4 /* ViewModel */ = {
			isa = PBXGroup;
			children = (
			);
			path = ViewModel;
			sourceTree = "<group>";
		};
		4B090C9C28FC6FEE00134DF4 /* View */ = {
			isa = PBXGroup;
			children = (
				4BE1064128ACFD4000D28B1A /* ProfileVC.swift */,
			);
			path = View;
			sourceTree = "<group>";
		};
		4B090C9D28FC6FF200134DF4 /* Model */ = {
			isa = PBXGroup;
			children = (
			);
			path = Model;
			sourceTree = "<group>";
		};
		4B090C9E28FC700400134DF4 /* ViewModel */ = {
			isa = PBXGroup;
			children = (
			);
			path = ViewModel;
			sourceTree = "<group>";
		};
		4B090C9F28FC700C00134DF4 /* View */ = {
			isa = PBXGroup;
			children = (
				4BE1064928ACFDEE00D28B1A /* ViewPostVC.swift */,
				4BE1064B28ACFDFD00D28B1A /* CreateNewPostVC.swift */,
			);
			path = View;
			sourceTree = "<group>";
		};
		4B090CA028FC701000134DF4 /* Model */ = {
			isa = PBXGroup;
			children = (
				4BE5199C28B2368B00A057C0 /* BlogPost.swift */,
			);
			path = Model;
			sourceTree = "<group>";
		};
		4B090CA128FC702F00134DF4 /* ViewModel */ = {
			isa = PBXGroup;
			children = (
			);
			path = ViewModel;
			sourceTree = "<group>";
		};
		4B090CA228FC703500134DF4 /* View */ = {
			isa = PBXGroup;
			children = (
				4B40614728B404F7000DB2A0 /* PayWallVC.swift */,
				4B40614928B40B95000DB2A0 /* PayWallHeaderView.swift */,
				4B40615128B413D1000DB2A0 /* PayWallDescriptionView.swift */,
			);
			path = View;
			sourceTree = "<group>";
		};
		4B090CA328FC703A00134DF4 /* Model */ = {
			isa = PBXGroup;
			children = (
			);
			path = Model;
			sourceTree = "<group>";
		};
		4B090CA828FC7DBF00134DF4 /* General */ = {
			isa = PBXGroup;
			children = (
				4B090CA928FC7DCA00134DF4 /* Functions.swift */,
			);
			path = General;
			sourceTree = "<group>";
		};
		4B40614E28B40D1F000DB2A0 /* Extensions */ = {
			isa = PBXGroup;
			children = (
				4B40614F28B40D31000DB2A0 /* UIView.swift */,
				4B090CAB28FC825F00134DF4 /* UITextField.swift */,
			);
			path = Extensions;
			sourceTree = "<group>";
		};
		4BE105FC28ACF95E00D28B1A = {
			isa = PBXGroup;
			children = (
				4BE1060728ACF95E00D28B1A /* Thoughts */,
				4BE1060628ACF95E00D28B1A /* Products */,
				C2BA2B9B2B877FB57F15C7D1 /* Pods */,
				ECC69629B30946B37349540D /* Frameworks */,
			);
			sourceTree = "<group>";
		};
		4BE1060628ACF95E00D28B1A /* Products */ = {
			isa = PBXGroup;
			children = (
				4BE1060528ACF95E00D28B1A /* Thoughts.app */,
			);
			name = Products;
			sourceTree = "<group>";
		};
		4BE1060728ACF95E00D28B1A /* Thoughts */ = {
			isa = PBXGroup;
			children = (
				4B090C8F28FC6F2400134DF4 /* App */,
				4BE1064028ACFCA300D28B1A /* Managers */,
				4B090C8828FC6EAC00134DF4 /* Utilities */,
				4B090C8528FC6E6400134DF4 /* Supporting Files */,
				4BE1061628ACF95F00D28B1A /* Info.plist */,
			);
			path = Thoughts;
			sourceTree = "<group>";
		};
		4BE1064028ACFCA300D28B1A /* Managers */ = {
			isa = PBXGroup;
			children = (
				4B090C8E28FC6EE700134DF4 /* API */,
				4B090C8D28FC6EDC00134DF4 /* Auth */,
				4B090C8C28FC6ED400134DF4 /* Database */,
				4B090C8B28FC6ECE00134DF4 /* Stoarge */,
			);
			path = Managers;
			sourceTree = "<group>";
		};
		C2BA2B9B2B877FB57F15C7D1 /* Pods */ = {
			isa = PBXGroup;
			children = (
				2D6B07885E10DA99D637ABAC /* Pods-Thoughts.debug.xcconfig */,
				5E0F2A7A33628993C39F589A /* Pods-Thoughts.release.xcconfig */,
			);
			path = Pods;
			sourceTree = "<group>";
		};
		ECC69629B30946B37349540D /* Frameworks */ = {
			isa = PBXGroup;
			children = (
				A3064BBE445EE33E746C88AE /* Pods_Thoughts.framework */,
			);
			name = Frameworks;
			sourceTree = "<group>";
		};
/* End PBXGroup section */

/* Begin PBXNativeTarget section */
		4BE1060428ACF95E00D28B1A /* Thoughts */ = {
			isa = PBXNativeTarget;
			buildConfigurationList = 4BE1061928ACF95F00D28B1A /* Build configuration list for PBXNativeTarget "Thoughts" */;
			buildPhases = (
				1F1738D107CBB7098DA5A795 /* [CP] Check Pods Manifest.lock */,
				4BE1060128ACF95E00D28B1A /* Sources */,
				4BE1060228ACF95E00D28B1A /* Frameworks */,
				4BE1060328ACF95E00D28B1A /* Resources */,
				C3DB80AFDA170896FDAADAEF /* [CP] Embed Pods Frameworks */,
			);
			buildRules = (
			);
			dependencies = (
			);
			name = Thoughts;
			packageProductDependencies = (
				4B40614C28B40C0E000DB2A0 /* SnapKit */,
			);
			productName = Thoughts;
			productReference = 4BE1060528ACF95E00D28B1A /* Thoughts.app */;
			productType = "com.apple.product-type.application";
		};
/* End PBXNativeTarget section */

/* Begin PBXProject section */
		4BE105FD28ACF95E00D28B1A /* Project object */ = {
			isa = PBXProject;
			attributes = {
				BuildIndependentTargetsInParallel = 1;
				LastSwiftUpdateCheck = 1340;
				LastUpgradeCheck = 1340;
				TargetAttributes = {
					4BE1060428ACF95E00D28B1A = {
						CreatedOnToolsVersion = 13.4.1;
					};
				};
			};
			buildConfigurationList = 4BE1060028ACF95E00D28B1A /* Build configuration list for PBXProject "Thoughts" */;
			compatibilityVersion = "Xcode 13.0";
			developmentRegion = en;
			hasScannedForEncodings = 0;
			knownRegions = (
				en,
				Base,
			);
			mainGroup = 4BE105FC28ACF95E00D28B1A;
			packageReferences = (
				4B40614B28B40C0E000DB2A0 /* XCRemoteSwiftPackageReference "SnapKit" */,
			);
			productRefGroup = 4BE1060628ACF95E00D28B1A /* Products */;
			projectDirPath = "";
			projectRoot = "";
			targets = (
				4BE1060428ACF95E00D28B1A /* Thoughts */,
			);
		};
/* End PBXProject section */

/* Begin PBXResourcesBuildPhase section */
		4BE1060328ACF95E00D28B1A /* Resources */ = {
			isa = PBXResourcesBuildPhase;
			buildActionMask = 2147483647;
			files = (
				4BE1061528ACF95F00D28B1A /* LaunchScreen.storyboard in Resources */,
				4BE1061228ACF95F00D28B1A /* Assets.xcassets in Resources */,
				4B229C8728B1094100CFFB0C /* GoogleService-Info.plist in Resources */,
			);
			runOnlyForDeploymentPostprocessing = 0;
		};
/* End PBXResourcesBuildPhase section */

/* Begin PBXShellScriptBuildPhase section */
		1F1738D107CBB7098DA5A795 /* [CP] Check Pods Manifest.lock */ = {
			isa = PBXShellScriptBuildPhase;
			buildActionMask = 2147483647;
			files = (
			);
			inputFileListPaths = (
			);
			inputPaths = (
				"${PODS_PODFILE_DIR_PATH}/Podfile.lock",
				"${PODS_ROOT}/Manifest.lock",
			);
			name = "[CP] Check Pods Manifest.lock";
			outputFileListPaths = (
			);
			outputPaths = (
				"$(DERIVED_FILE_DIR)/Pods-Thoughts-checkManifestLockResult.txt",
			);
			runOnlyForDeploymentPostprocessing = 0;
			shellPath = /bin/sh;
			shellScript = "diff \"${PODS_PODFILE_DIR_PATH}/Podfile.lock\" \"${PODS_ROOT}/Manifest.lock\" > /dev/null\nif [ $? != 0 ] ; then\n    # print error to STDERR\n    echo \"error: The sandbox is not in sync with the Podfile.lock. Run 'pod install' or update your CocoaPods installation.\" >&2\n    exit 1\nfi\n# This output is used by Xcode 'outputs' to avoid re-running this script phase.\necho \"SUCCESS\" > \"${SCRIPT_OUTPUT_FILE_0}\"\n";
			showEnvVarsInLog = 0;
		};
		C3DB80AFDA170896FDAADAEF /* [CP] Embed Pods Frameworks */ = {
			isa = PBXShellScriptBuildPhase;
			buildActionMask = 2147483647;
			files = (
			);
			inputFileListPaths = (
				"${PODS_ROOT}/Target Support Files/Pods-Thoughts/Pods-Thoughts-frameworks-${CONFIGURATION}-input-files.xcfilelist",
			);
			name = "[CP] Embed Pods Frameworks";
			outputFileListPaths = (
				"${PODS_ROOT}/Target Support Files/Pods-Thoughts/Pods-Thoughts-frameworks-${CONFIGURATION}-output-files.xcfilelist",
			);
			runOnlyForDeploymentPostprocessing = 0;
			shellPath = /bin/sh;
			shellScript = "\"${PODS_ROOT}/Target Support Files/Pods-Thoughts/Pods-Thoughts-frameworks.sh\"\n";
			showEnvVarsInLog = 0;
		};
/* End PBXShellScriptBuildPhase section */

/* Begin PBXSourcesBuildPhase section */
		4BE1060128ACF95E00D28B1A /* Sources */ = {
			isa = PBXSourcesBuildPhase;
			buildActionMask = 2147483647;
			files = (
				4BE5199D28B2368B00A057C0 /* BlogPost.swift in Sources */,
				4B40615228B413D1000DB2A0 /* PayWallDescriptionView.swift in Sources */,
				4BE1060D28ACF95E00D28B1A /* HomeVC.swift in Sources */,
				4B090CAC28FC825F00134DF4 /* UITextField.swift in Sources */,
				4BE1065228ACFE6100D28B1A /* AuthManager.swift in Sources */,
				4BE1064828ACFDDF00D28B1A /* SignUpVC.swift in Sources */,
				4BE1060928ACF95E00D28B1A /* AppDelegate.swift in Sources */,
				4B40614A28B40B95000DB2A0 /* PayWallHeaderView.swift in Sources */,
				4BE1064628ACFDD200D28B1A /* SignInVC.swift in Sources */,
				4BE1064228ACFD4000D28B1A /* ProfileVC.swift in Sources */,
				4B090CA728FC7D4A00134DF4 /* SignInHeaderView.swift in Sources */,
				4BE5199B28B2367A00A057C0 /* User.swift in Sources */,
				4BE1064C28ACFDFD00D28B1A /* CreateNewPostVC.swift in Sources */,
				4BE1064E28ACFE3000D28B1A /* IAPManager.swift in Sources */,
				4BE1064428ACFD7E00D28B1A /* TabBarVC.swift in Sources */,
				4BE1060B28ACF95E00D28B1A /* SceneDelegate.swift in Sources */,
				4BE1064A28ACFDEE00D28B1A /* ViewPostVC.swift in Sources */,
				4BE1065028ACFE4D00D28B1A /* DatabaseManager.swift in Sources */,
				4B090CAA28FC7DCA00134DF4 /* Functions.swift in Sources */,
				4BE1065428ACFE7700D28B1A /* StorageManager.swift in Sources */,
				4B40615028B40D31000DB2A0 /* UIView.swift in Sources */,
				4B40614828B404F7000DB2A0 /* PayWallVC.swift in Sources */,
			);
			runOnlyForDeploymentPostprocessing = 0;
		};
/* End PBXSourcesBuildPhase section */

/* Begin PBXVariantGroup section */
		4BE1061328ACF95F00D28B1A /* LaunchScreen.storyboard */ = {
			isa = PBXVariantGroup;
			children = (
				4BE1061428ACF95F00D28B1A /* Base */,
			);
			name = LaunchScreen.storyboard;
			sourceTree = "<group>";
		};
/* End PBXVariantGroup section */

/* Begin XCBuildConfiguration section */
		4BE1061728ACF95F00D28B1A /* Debug */ = {
			isa = XCBuildConfiguration;
			buildSettings = {
				ALWAYS_SEARCH_USER_PATHS = NO;
				CLANG_ANALYZER_NONNULL = YES;
				CLANG_ANALYZER_NUMBER_OBJECT_CONVERSION = YES_AGGRESSIVE;
				CLANG_CXX_LANGUAGE_STANDARD = "gnu++17";
				CLANG_ENABLE_MODULES = YES;
				CLANG_ENABLE_OBJC_ARC = YES;
				CLANG_ENABLE_OBJC_WEAK = YES;
				CLANG_WARN_BLOCK_CAPTURE_AUTORELEASING = YES;
				CLANG_WARN_BOOL_CONVERSION = YES;
				CLANG_WARN_COMMA = YES;
				CLANG_WARN_CONSTANT_CONVERSION = YES;
				CLANG_WARN_DEPRECATED_OBJC_IMPLEMENTATIONS = YES;
				CLANG_WARN_DIRECT_OBJC_ISA_USAGE = YES_ERROR;
				CLANG_WARN_DOCUMENTATION_COMMENTS = YES;
				CLANG_WARN_EMPTY_BODY = YES;
				CLANG_WARN_ENUM_CONVERSION = YES;
				CLANG_WARN_INFINITE_RECURSION = YES;
				CLANG_WARN_INT_CONVERSION = YES;
				CLANG_WARN_NON_LITERAL_NULL_CONVERSION = YES;
				CLANG_WARN_OBJC_IMPLICIT_RETAIN_SELF = YES;
				CLANG_WARN_OBJC_LITERAL_CONVERSION = YES;
				CLANG_WARN_OBJC_ROOT_CLASS = YES_ERROR;
				CLANG_WARN_QUOTED_INCLUDE_IN_FRAMEWORK_HEADER = YES;
				CLANG_WARN_RANGE_LOOP_ANALYSIS = YES;
				CLANG_WARN_STRICT_PROTOTYPES = YES;
				CLANG_WARN_SUSPICIOUS_MOVE = YES;
				CLANG_WARN_UNGUARDED_AVAILABILITY = YES_AGGRESSIVE;
				CLANG_WARN_UNREACHABLE_CODE = YES;
				CLANG_WARN__DUPLICATE_METHOD_MATCH = YES;
				COPY_PHASE_STRIP = NO;
				DEBUG_INFORMATION_FORMAT = dwarf;
				ENABLE_STRICT_OBJC_MSGSEND = YES;
				ENABLE_TESTABILITY = YES;
				GCC_C_LANGUAGE_STANDARD = gnu11;
				GCC_DYNAMIC_NO_PIC = NO;
				GCC_NO_COMMON_BLOCKS = YES;
				GCC_OPTIMIZATION_LEVEL = 0;
				GCC_PREPROCESSOR_DEFINITIONS = (
					"DEBUG=1",
					"$(inherited)",
				);
				GCC_WARN_64_TO_32_BIT_CONVERSION = YES;
				GCC_WARN_ABOUT_RETURN_TYPE = YES_ERROR;
				GCC_WARN_UNDECLARED_SELECTOR = YES;
				GCC_WARN_UNINITIALIZED_AUTOS = YES_AGGRESSIVE;
				GCC_WARN_UNUSED_FUNCTION = YES;
				GCC_WARN_UNUSED_VARIABLE = YES;
				IPHONEOS_DEPLOYMENT_TARGET = 15.5;
				MTL_ENABLE_DEBUG_INFO = INCLUDE_SOURCE;
				MTL_FAST_MATH = YES;
				ONLY_ACTIVE_ARCH = YES;
				SDKROOT = iphoneos;
				SWIFT_ACTIVE_COMPILATION_CONDITIONS = DEBUG;
				SWIFT_OPTIMIZATION_LEVEL = "-Onone";
			};
			name = Debug;
		};
		4BE1061828ACF95F00D28B1A /* Release */ = {
			isa = XCBuildConfiguration;
			buildSettings = {
				ALWAYS_SEARCH_USER_PATHS = NO;
				CLANG_ANALYZER_NONNULL = YES;
				CLANG_ANALYZER_NUMBER_OBJECT_CONVERSION = YES_AGGRESSIVE;
				CLANG_CXX_LANGUAGE_STANDARD = "gnu++17";
				CLANG_ENABLE_MODULES = YES;
				CLANG_ENABLE_OBJC_ARC = YES;
				CLANG_ENABLE_OBJC_WEAK = YES;
				CLANG_WARN_BLOCK_CAPTURE_AUTORELEASING = YES;
				CLANG_WARN_BOOL_CONVERSION = YES;
				CLANG_WARN_COMMA = YES;
				CLANG_WARN_CONSTANT_CONVERSION = YES;
				CLANG_WARN_DEPRECATED_OBJC_IMPLEMENTATIONS = YES;
				CLANG_WARN_DIRECT_OBJC_ISA_USAGE = YES_ERROR;
				CLANG_WARN_DOCUMENTATION_COMMENTS = YES;
				CLANG_WARN_EMPTY_BODY = YES;
				CLANG_WARN_ENUM_CONVERSION = YES;
				CLANG_WARN_INFINITE_RECURSION = YES;
				CLANG_WARN_INT_CONVERSION = YES;
				CLANG_WARN_NON_LITERAL_NULL_CONVERSION = YES;
				CLANG_WARN_OBJC_IMPLICIT_RETAIN_SELF = YES;
				CLANG_WARN_OBJC_LITERAL_CONVERSION = YES;
				CLANG_WARN_OBJC_ROOT_CLASS = YES_ERROR;
				CLANG_WARN_QUOTED_INCLUDE_IN_FRAMEWORK_HEADER = YES;
				CLANG_WARN_RANGE_LOOP_ANALYSIS = YES;
				CLANG_WARN_STRICT_PROTOTYPES = YES;
				CLANG_WARN_SUSPICIOUS_MOVE = YES;
				CLANG_WARN_UNGUARDED_AVAILABILITY = YES_AGGRESSIVE;
				CLANG_WARN_UNREACHABLE_CODE = YES;
				CLANG_WARN__DUPLICATE_METHOD_MATCH = YES;
				COPY_PHASE_STRIP = NO;
				DEBUG_INFORMATION_FORMAT = "dwarf-with-dsym";
				ENABLE_NS_ASSERTIONS = NO;
				ENABLE_STRICT_OBJC_MSGSEND = YES;
				GCC_C_LANGUAGE_STANDARD = gnu11;
				GCC_NO_COMMON_BLOCKS = YES;
				GCC_WARN_64_TO_32_BIT_CONVERSION = YES;
				GCC_WARN_ABOUT_RETURN_TYPE = YES_ERROR;
				GCC_WARN_UNDECLARED_SELECTOR = YES;
				GCC_WARN_UNINITIALIZED_AUTOS = YES_AGGRESSIVE;
				GCC_WARN_UNUSED_FUNCTION = YES;
				GCC_WARN_UNUSED_VARIABLE = YES;
				IPHONEOS_DEPLOYMENT_TARGET = 15.5;
				MTL_ENABLE_DEBUG_INFO = NO;
				MTL_FAST_MATH = YES;
				SDKROOT = iphoneos;
				SWIFT_COMPILATION_MODE = wholemodule;
				SWIFT_OPTIMIZATION_LEVEL = "-O";
				VALIDATE_PRODUCT = YES;
			};
			name = Release;
		};
		4BE1061A28ACF95F00D28B1A /* Debug */ = {
			isa = XCBuildConfiguration;
			baseConfigurationReference = 2D6B07885E10DA99D637ABAC /* Pods-Thoughts.debug.xcconfig */;
			buildSettings = {
				ASSETCATALOG_COMPILER_APPICON_NAME = AppIcon;
				ASSETCATALOG_COMPILER_GLOBAL_ACCENT_COLOR_NAME = AccentColor;
				CODE_SIGN_STYLE = Automatic;
				CURRENT_PROJECT_VERSION = 1;
				DEVELOPMENT_TEAM = XKVWQB6CWU;
				GENERATE_INFOPLIST_FILE = YES;
				INFOPLIST_FILE = Thoughts/Info.plist;
				INFOPLIST_KEY_UIApplicationSupportsIndirectInputEvents = YES;
				INFOPLIST_KEY_UILaunchStoryboardName = LaunchScreen;
				INFOPLIST_KEY_UISupportedInterfaceOrientations = UIInterfaceOrientationPortrait;
				INFOPLIST_KEY_UISupportedInterfaceOrientations_iPad = "UIInterfaceOrientationPortrait UIInterfaceOrientationPortraitUpsideDown UIInterfaceOrientationLandscapeLeft UIInterfaceOrientationLandscapeRight";
				INFOPLIST_KEY_UISupportedInterfaceOrientations_iPhone = "UIInterfaceOrientationPortrait UIInterfaceOrientationLandscapeLeft UIInterfaceOrientationLandscapeRight";
				IPHONEOS_DEPLOYMENT_TARGET = 14.0;
				LD_RUNPATH_SEARCH_PATHS = (
					"$(inherited)",
					"@executable_path/Frameworks",
				);
				MARKETING_VERSION = 1.0;
				PRODUCT_BUNDLE_IDENTIFIER = com.ismayilismayilov.Thoughts;
				PRODUCT_NAME = "$(TARGET_NAME)";
				SWIFT_EMIT_LOC_STRINGS = YES;
				SWIFT_VERSION = 5.0;
				TARGETED_DEVICE_FAMILY = 1;
			};
			name = Debug;
		};
		4BE1061B28ACF95F00D28B1A /* Release */ = {
			isa = XCBuildConfiguration;
			baseConfigurationReference = 5E0F2A7A33628993C39F589A /* Pods-Thoughts.release.xcconfig */;
			buildSettings = {
				ASSETCATALOG_COMPILER_APPICON_NAME = AppIcon;
				ASSETCATALOG_COMPILER_GLOBAL_ACCENT_COLOR_NAME = AccentColor;
				CODE_SIGN_STYLE = Automatic;
				CURRENT_PROJECT_VERSION = 1;
				DEVELOPMENT_TEAM = XKVWQB6CWU;
				GENERATE_INFOPLIST_FILE = YES;
				INFOPLIST_FILE = Thoughts/Info.plist;
				INFOPLIST_KEY_UIApplicationSupportsIndirectInputEvents = YES;
				INFOPLIST_KEY_UILaunchStoryboardName = LaunchScreen;
				INFOPLIST_KEY_UISupportedInterfaceOrientations = UIInterfaceOrientationPortrait;
				INFOPLIST_KEY_UISupportedInterfaceOrientations_iPad = "UIInterfaceOrientationPortrait UIInterfaceOrientationPortraitUpsideDown UIInterfaceOrientationLandscapeLeft UIInterfaceOrientationLandscapeRight";
				INFOPLIST_KEY_UISupportedInterfaceOrientations_iPhone = "UIInterfaceOrientationPortrait UIInterfaceOrientationLandscapeLeft UIInterfaceOrientationLandscapeRight";
				IPHONEOS_DEPLOYMENT_TARGET = 14.0;
				LD_RUNPATH_SEARCH_PATHS = (
					"$(inherited)",
					"@executable_path/Frameworks",
				);
				MARKETING_VERSION = 1.0;
				PRODUCT_BUNDLE_IDENTIFIER = com.ismayilismayilov.Thoughts;
				PRODUCT_NAME = "$(TARGET_NAME)";
				SWIFT_EMIT_LOC_STRINGS = YES;
				SWIFT_VERSION = 5.0;
				TARGETED_DEVICE_FAMILY = 1;
			};
			name = Release;
		};
/* End XCBuildConfiguration section */

/* Begin XCConfigurationList section */
		4BE1060028ACF95E00D28B1A /* Build configuration list for PBXProject "Thoughts" */ = {
			isa = XCConfigurationList;
			buildConfigurations = (
				4BE1061728ACF95F00D28B1A /* Debug */,
				4BE1061828ACF95F00D28B1A /* Release */,
			);
			defaultConfigurationIsVisible = 0;
			defaultConfigurationName = Release;
		};
		4BE1061928ACF95F00D28B1A /* Build configuration list for PBXNativeTarget "Thoughts" */ = {
			isa = XCConfigurationList;
			buildConfigurations = (
				4BE1061A28ACF95F00D28B1A /* Debug */,
				4BE1061B28ACF95F00D28B1A /* Release */,
			);
			defaultConfigurationIsVisible = 0;
			defaultConfigurationName = Release;
		};
/* End XCConfigurationList section */

/* Begin XCRemoteSwiftPackageReference section */
		4B40614B28B40C0E000DB2A0 /* XCRemoteSwiftPackageReference "SnapKit" */ = {
			isa = XCRemoteSwiftPackageReference;
			repositoryURL = "https://github.com/SnapKit/SnapKit.git";
			requirement = {
				branch = develop;
				kind = branch;
			};
		};
/* End XCRemoteSwiftPackageReference section */

/* Begin XCSwiftPackageProductDependency section */
		4B40614C28B40C0E000DB2A0 /* SnapKit */ = {
			isa = XCSwiftPackageProductDependency;
			package = 4B40614B28B40C0E000DB2A0 /* XCRemoteSwiftPackageReference "SnapKit" */;
			productName = SnapKit;
		};
/* End XCSwiftPackageProductDependency section */
	};
	rootObject = 4BE105FD28ACF95E00D28B1A /* Project object */;
}
